
Microsoft Visual Studio Solution File, Format Version 12.00
# Visual Studio 15
VisualStudioVersion = 15.0.26124.0
MinimumVisualStudioVersion = 15.0.26124.0
Project("{2150E333-8FDC-42A3-9474-1A3956D46DE8}") = "AsyncRx", "AsyncRx", "{7A79E522-DA58-4188-9646-5F3AA8D22C7A}"
EndProject
Project("{F2A71F9B-5D33-465A-A702-920D77279786}") = "FSharp.Control.AsyncRx", "AsyncRx\src\FSharp.Control.AsyncRx.fsproj", "{A544362F-BB45-4067-88D9-A3F71E6959AF}"
EndProject
Project("{2150E333-8FDC-42A3-9474-1A3956D46DE8}") = "Fable.Elmish", "Fable.Elmish", "{593E8680-4BFD-472D-AD0D-9FD576B72837}"
EndProject
Project("{F2A71F9B-5D33-465A-A702-920D77279786}") = "Fable.Elmish.Streams", "Fable.Elmish\src\Fable.Elmish.Streams.fsproj", "{8CA23D4B-1E19-4CF2-A647-4DA7C0EF0E78}"
EndProject
Project("{2150E333-8FDC-42A3-9474-1A3956D46DE8}") = "Elmish", "Elmish", "{ECF1822E-B9CB-419E-A7CE-8B4896A89D83}"
EndProject
Project("{F2A71F9B-5D33-465A-A702-920D77279786}") = "Elmish.Streams", "Elmish\src\Elmish.Streams.fsproj", "{5C6B887A-5A79-458B-98E6-AE53AAE1BBE9}"
EndProject
Global
	GlobalSection(SolutionConfigurationPlatforms) = preSolution
		Debug|Any CPU = Debug|Any CPU
		Debug|x64 = Debug|x64
		Debug|x86 = Debug|x86
		Release|Any CPU = Release|Any CPU
		Release|x64 = Release|x64
		Release|x86 = Release|x86
	EndGlobalSection
	GlobalSection(SolutionProperties) = preSolution
		HideSolutionNode = FALSE
	EndGlobalSection
	GlobalSection(ProjectConfigurationPlatforms) = postSolution
		{A544362F-BB45-4067-88D9-A3F71E6959AF}.Debug|Any CPU.ActiveCfg = Debug|Any CPU
		{A544362F-BB45-4067-88D9-A3F71E6959AF}.Debug|Any CPU.Build.0 = Debug|Any CPU
		{A544362F-BB45-4067-88D9-A3F71E6959AF}.Debug|x64.ActiveCfg = Debug|Any CPU
		{A544362F-BB45-4067-88D9-A3F71E6959AF}.Debug|x64.Build.0 = Debug|Any CPU
		{A544362F-BB45-4067-88D9-A3F71E6959AF}.Debug|x86.ActiveCfg = Debug|Any CPU
		{A544362F-BB45-4067-88D9-A3F71E6959AF}.Debug|x86.Build.0 = Debug|Any CPU
		{A544362F-BB45-4067-88D9-A3F71E6959AF}.Release|Any CPU.ActiveCfg = Release|Any CPU
		{A544362F-BB45-4067-88D9-A3F71E6959AF}.Release|Any CPU.Build.0 = Release|Any CPU
		{A544362F-BB45-4067-88D9-A3F71E6959AF}.Release|x64.ActiveCfg = Release|Any CPU
		{A544362F-BB45-4067-88D9-A3F71E6959AF}.Release|x64.Build.0 = Release|Any CPU
		{A544362F-BB45-4067-88D9-A3F71E6959AF}.Release|x86.ActiveCfg = Release|Any CPU
		{A544362F-BB45-4067-88D9-A3F71E6959AF}.Release|x86.Build.0 = Release|Any CPU
		{8CA23D4B-1E19-4CF2-A647-4DA7C0EF0E78}.Debug|Any CPU.ActiveCfg = Debug|Any CPU
		{8CA23D4B-1E19-4CF2-A647-4DA7C0EF0E78}.Debug|Any CPU.Build.0 = Debug|Any CPU
		{8CA23D4B-1E19-4CF2-A647-4DA7C0EF0E78}.Debug|x64.ActiveCfg = Debug|Any CPU
		{8CA23D4B-1E19-4CF2-A647-4DA7C0EF0E78}.Debug|x64.Build.0 = Debug|Any CPU
		{8CA23D4B-1E19-4CF2-A647-4DA7C0EF0E78}.Debug|x86.ActiveCfg = Debug|Any CPU
		{8CA23D4B-1E19-4CF2-A647-4DA7C0EF0E78}.Debug|x86.Build.0 = Debug|Any CPU
		{8CA23D4B-1E19-4CF2-A647-4DA7C0EF0E78}.Release|Any CPU.ActiveCfg = Release|Any CPU
		{8CA23D4B-1E19-4CF2-A647-4DA7C0EF0E78}.Release|Any CPU.Build.0 = Release|Any CPU
		{8CA23D4B-1E19-4CF2-A647-4DA7C0EF0E78}.Release|x64.ActiveCfg = Release|Any CPU
		{8CA23D4B-1E19-4CF2-A647-4DA7C0EF0E78}.Release|x64.Build.0 = Release|Any CPU
		{8CA23D4B-1E19-4CF2-A647-4DA7C0EF0E78}.Release|x86.ActiveCfg = Release|Any CPU
		{8CA23D4B-1E19-4CF2-A647-4DA7C0EF0E78}.Release|x86.Build.0 = Release|Any CPU
		{5C6B887A-5A79-458B-98E6-AE53AAE1BBE9}.Debug|Any CPU.ActiveCfg = Debug|Any CPU
		{5C6B887A-5A79-458B-98E6-AE53AAE1BBE9}.Debug|Any CPU.Build.0 = Debug|Any CPU
		{5C6B887A-5A79-458B-98E6-AE53AAE1BBE9}.Debug|x64.ActiveCfg = Debug|Any CPU
		{5C6B887A-5A79-458B-98E6-AE53AAE1BBE9}.Debug|x64.Build.0 = Debug|Any CPU
		{5C6B887A-5A79-458B-98E6-AE53AAE1BBE9}.Debug|x86.ActiveCfg = Debug|Any CPU
		{5C6B887A-5A79-458B-98E6-AE53AAE1BBE9}.Debug|x86.Build.0 = Debug|Any CPU
		{5C6B887A-5A79-458B-98E6-AE53AAE1BBE9}.Release|Any CPU.ActiveCfg = Release|Any CPU
		{5C6B887A-5A79-458B-98E6-AE53AAE1BBE9}.Release|Any CPU.Build.0 = Release|Any CPU
		{5C6B887A-5A79-458B-98E6-AE53AAE1BBE9}.Release|x64.ActiveCfg = Release|Any CPU
		{5C6B887A-5A79-458B-98E6-AE53AAE1BBE9}.Release|x64.Build.0 = Release|Any CPU
		{5C6B887A-5A79-458B-98E6-AE53AAE1BBE9}.Release|x86.ActiveCfg = Release|Any CPU
		{5C6B887A-5A79-458B-98E6-AE53AAE1BBE9}.Release|x86.Build.0 = Release|Any CPU
	EndGlobalSection
	GlobalSection(NestedProjects) = preSolution
		{A544362F-BB45-4067-88D9-A3F71E6959AF} = {7A79E522-DA58-4188-9646-5F3AA8D22C7A}
		{8CA23D4B-1E19-4CF2-A647-4DA7C0EF0E78} = {593E8680-4BFD-472D-AD0D-9FD576B72837}
		{5C6B887A-5A79-458B-98E6-AE53AAE1BBE9} = {ECF1822E-B9CB-419E-A7CE-8B4896A89D83}
	EndGlobalSection
EndGlobal
