
Microsoft Visual Studio Solution File, Format Version 12.00
# Visual Studio 15
VisualStudioVersion = 15.0.26124.0
MinimumVisualStudioVersion = 15.0.26124.0
Project("{2150E333-8FDC-42A3-9474-1A3956D46DE8}") = "src", "src", "{E4A4FA1B-EF6E-45D0-AE5E-C49877E8C268}"
EndProject
Project("{F2A71F9B-5D33-465A-A702-920D77279786}") = "Server", "src\Server\Server.fsproj", "{268B4EE7-970B-4604-B90C-35F6CC6BD847}"
EndProject
Project("{F2A71F9B-5D33-465A-A702-920D77279786}") = "Client", "src\Client\Client.fsproj", "{495FFA44-D120-4F87-92FA-9AC16552F299}"
EndProject
Global
	GlobalSection(SolutionConfigurationPlatforms) = preSolution
		Debug|Any CPU = Debug|Any CPU
		Debug|x64 = Debug|x64
		Debug|x86 = Debug|x86
		Release|Any CPU = Release|Any CPU
		Release|x64 = Release|x64
		Release|x86 = Release|x86
	EndGlobalSection
	GlobalSection(SolutionProperties) = preSolution
		HideSolutionNode = FALSE
	EndGlobalSection
	GlobalSection(ProjectConfigurationPlatforms) = postSolution
		{268B4EE7-970B-4604-B90C-35F6CC6BD847}.Debug|Any CPU.ActiveCfg = Debug|Any CPU
		{268B4EE7-970B-4604-B90C-35F6CC6BD847}.Debug|Any CPU.Build.0 = Debug|Any CPU
		{268B4EE7-970B-4604-B90C-35F6CC6BD847}.Debug|x64.ActiveCfg = Debug|Any CPU
		{268B4EE7-970B-4604-B90C-35F6CC6BD847}.Debug|x64.Build.0 = Debug|Any CPU
		{268B4EE7-970B-4604-B90C-35F6CC6BD847}.Debug|x86.ActiveCfg = Debug|Any CPU
		{268B4EE7-970B-4604-B90C-35F6CC6BD847}.Debug|x86.Build.0 = Debug|Any CPU
		{268B4EE7-970B-4604-B90C-35F6CC6BD847}.Release|Any CPU.ActiveCfg = Release|Any CPU
		{268B4EE7-970B-4604-B90C-35F6CC6BD847}.Release|Any CPU.Build.0 = Release|Any CPU
		{268B4EE7-970B-4604-B90C-35F6CC6BD847}.Release|x64.ActiveCfg = Release|Any CPU
		{268B4EE7-970B-4604-B90C-35F6CC6BD847}.Release|x64.Build.0 = Release|Any CPU
		{268B4EE7-970B-4604-B90C-35F6CC6BD847}.Release|x86.ActiveCfg = Release|Any CPU
		{268B4EE7-970B-4604-B90C-35F6CC6BD847}.Release|x86.Build.0 = Release|Any CPU
		{495FFA44-D120-4F87-92FA-9AC16552F299}.Debug|Any CPU.ActiveCfg = Debug|Any CPU
		{495FFA44-D120-4F87-92FA-9AC16552F299}.Debug|Any CPU.Build.0 = Debug|Any CPU
		{495FFA44-D120-4F87-92FA-9AC16552F299}.Debug|x64.ActiveCfg = Debug|Any CPU
		{495FFA44-D120-4F87-92FA-9AC16552F299}.Debug|x64.Build.0 = Debug|Any CPU
		{495FFA44-D120-4F87-92FA-9AC16552F299}.Debug|x86.ActiveCfg = Debug|Any CPU
		{495FFA44-D120-4F87-92FA-9AC16552F299}.Debug|x86.Build.0 = Debug|Any CPU
		{495FFA44-D120-4F87-92FA-9AC16552F299}.Release|Any CPU.ActiveCfg = Release|Any CPU
		{495FFA44-D120-4F87-92FA-9AC16552F299}.Release|Any CPU.Build.0 = Release|Any CPU
		{495FFA44-D120-4F87-92FA-9AC16552F299}.Release|x64.ActiveCfg = Release|Any CPU
		{495FFA44-D120-4F87-92FA-9AC16552F299}.Release|x64.Build.0 = Release|Any CPU
		{495FFA44-D120-4F87-92FA-9AC16552F299}.Release|x86.ActiveCfg = Release|Any CPU
		{495FFA44-D120-4F87-92FA-9AC16552F299}.Release|x86.Build.0 = Release|Any CPU
	EndGlobalSection
	GlobalSection(NestedProjects) = preSolution
		{268B4EE7-970B-4604-B90C-35F6CC6BD847} = {E4A4FA1B-EF6E-45D0-AE5E-C49877E8C268}
		{495FFA44-D120-4F87-92FA-9AC16552F299} = {E4A4FA1B-EF6E-45D0-AE5E-C49877E8C268}
	EndGlobalSection
EndGlobal
