
Microsoft Visual Studio Solution File, Format Version 12.00
# Visual Studio 15
VisualStudioVersion = 15.0.26124.0
MinimumVisualStudioVersion = 15.0.26124.0
Project("{F2A71F9B-5D33-465A-A702-920D77279786}") = "Fable.Elmish.Reaction", "src\Fable.Elmish.Reaction.fsproj", "{1709E14F-8214-4205-9BFB-A8C8722F0CFE}"
EndProject
Project("{F2A71F9B-5D33-465A-A702-920D77279786}") = "Tests", "test\Tests.fsproj", "{C91DBBF5-71AA-4352-9FA3-920B8974E14C}"
EndProject
Global
	GlobalSection(SolutionConfigurationPlatforms) = preSolution
		Debug|Any CPU = Debug|Any CPU
		Debug|x64 = Debug|x64
		Debug|x86 = Debug|x86
		Release|Any CPU = Release|Any CPU
		Release|x64 = Release|x64
		Release|x86 = Release|x86
	EndGlobalSection
	GlobalSection(SolutionProperties) = preSolution
		HideSolutionNode = FALSE
	EndGlobalSection
	GlobalSection(ProjectConfigurationPlatforms) = postSolution
		{1709E14F-8214-4205-9BFB-A8C8722F0CFE}.Debug|Any CPU.ActiveCfg = Debug|Any CPU
		{1709E14F-8214-4205-9BFB-A8C8722F0CFE}.Debug|Any CPU.Build.0 = Debug|Any CPU
		{1709E14F-8214-4205-9BFB-A8C8722F0CFE}.Debug|x64.ActiveCfg = Debug|Any CPU
		{1709E14F-8214-4205-9BFB-A8C8722F0CFE}.Debug|x64.Build.0 = Debug|Any CPU
		{1709E14F-8214-4205-9BFB-A8C8722F0CFE}.Debug|x86.ActiveCfg = Debug|Any CPU
		{1709E14F-8214-4205-9BFB-A8C8722F0CFE}.Debug|x86.Build.0 = Debug|Any CPU
		{1709E14F-8214-4205-9BFB-A8C8722F0CFE}.Release|Any CPU.ActiveCfg = Release|Any CPU
		{1709E14F-8214-4205-9BFB-A8C8722F0CFE}.Release|Any CPU.Build.0 = Release|Any CPU
		{1709E14F-8214-4205-9BFB-A8C8722F0CFE}.Release|x64.ActiveCfg = Release|Any CPU
		{1709E14F-8214-4205-9BFB-A8C8722F0CFE}.Release|x64.Build.0 = Release|Any CPU
		{1709E14F-8214-4205-9BFB-A8C8722F0CFE}.Release|x86.ActiveCfg = Release|Any CPU
		{1709E14F-8214-4205-9BFB-A8C8722F0CFE}.Release|x86.Build.0 = Release|Any CPU
		{C91DBBF5-71AA-4352-9FA3-920B8974E14C}.Debug|Any CPU.ActiveCfg = Debug|Any CPU
		{C91DBBF5-71AA-4352-9FA3-920B8974E14C}.Debug|Any CPU.Build.0 = Debug|Any CPU
		{C91DBBF5-71AA-4352-9FA3-920B8974E14C}.Debug|x64.ActiveCfg = Debug|Any CPU
		{C91DBBF5-71AA-4352-9FA3-920B8974E14C}.Debug|x64.Build.0 = Debug|Any CPU
		{C91DBBF5-71AA-4352-9FA3-920B8974E14C}.Debug|x86.ActiveCfg = Debug|Any CPU
		{C91DBBF5-71AA-4352-9FA3-920B8974E14C}.Debug|x86.Build.0 = Debug|Any CPU
		{C91DBBF5-71AA-4352-9FA3-920B8974E14C}.Release|Any CPU.ActiveCfg = Release|Any CPU
		{C91DBBF5-71AA-4352-9FA3-920B8974E14C}.Release|Any CPU.Build.0 = Release|Any CPU
		{C91DBBF5-71AA-4352-9FA3-920B8974E14C}.Release|x64.ActiveCfg = Release|Any CPU
		{C91DBBF5-71AA-4352-9FA3-920B8974E14C}.Release|x64.Build.0 = Release|Any CPU
		{C91DBBF5-71AA-4352-9FA3-920B8974E14C}.Release|x86.ActiveCfg = Release|Any CPU
		{C91DBBF5-71AA-4352-9FA3-920B8974E14C}.Release|x86.Build.0 = Release|Any CPU
	EndGlobalSection
EndGlobal
